
Microsoft Visual Studio Solution File, Format Version 12.00
# Visual Studio Version 17
VisualStudioVersion = 17.8.34322.80
MinimumVisualStudioVersion = 10.0.40219.1
Project("{9A19103F-16F7-4668-BE54-9A1E7A4F7556}") = "WAD.00014333", "WAD.00014333\WAD.00014333.csproj", "{F19BBD20-BD14-43B7-95B3-221FDF21FBE0}"
EndProject
Project("{FAE04EC0-301F-11D3-BF4B-00C04F79EFBC}") = "WAD.00014333.DAL", "WAD.00014333.DAL\WAD.00014333.DAL.csproj", "{BEB1D91F-DE4A-41FB-B59B-8617ED2763F4}"
EndProject
Global
	GlobalSection(SolutionConfigurationPlatforms) = preSolution
		Debug|Any CPU = Debug|Any CPU
		Release|Any CPU = Release|Any CPU
	EndGlobalSection
	GlobalSection(ProjectConfigurationPlatforms) = postSolution
		{F19BBD20-BD14-43B7-95B3-221FDF21FBE0}.Debug|Any CPU.ActiveCfg = Debug|Any CPU
		{F19BBD20-BD14-43B7-95B3-221FDF21FBE0}.Debug|Any CPU.Build.0 = Debug|Any CPU
		{F19BBD20-BD14-43B7-95B3-221FDF21FBE0}.Release|Any CPU.ActiveCfg = Release|Any CPU
		{F19BBD20-BD14-43B7-95B3-221FDF21FBE0}.Release|Any CPU.Build.0 = Release|Any CPU
		{BEB1D91F-DE4A-41FB-B59B-8617ED2763F4}.Debug|Any CPU.ActiveCfg = Debug|Any CPU
		{BEB1D91F-DE4A-41FB-B59B-8617ED2763F4}.Debug|Any CPU.Build.0 = Debug|Any CPU
		{BEB1D91F-DE4A-41FB-B59B-8617ED2763F4}.Release|Any CPU.ActiveCfg = Release|Any CPU
		{BEB1D91F-DE4A-41FB-B59B-8617ED2763F4}.Release|Any CPU.Build.0 = Release|Any CPU
	EndGlobalSection
	GlobalSection(SolutionProperties) = preSolution
		HideSolutionNode = FALSE
	EndGlobalSection
	GlobalSection(ExtensibilityGlobals) = postSolution
		SolutionGuid = {1BC4DAA3-DEF9-4B60-AD69-0AF46DBCAE83}
	EndGlobalSection
EndGlobal
